{
  "lockfile-version": 1,
  "manifest": {
    "version": 1,
    "install": {
      "uv": {
        "pkg-path": "uv"
      }
    },
    "hook": {},
    "profile": {},
    "options": {
      "systems": [
        "aarch64-darwin",
        "aarch64-linux",
        "x86_64-darwin",
        "x86_64-linux"
      ],
      "allow": {
        "licenses": []
      },
      "semver": {}
    }
  },
  "packages": [
    {
      "attr_path": "uv",
      "broken": false,
      "derivation": "/nix/store/8dm1dg0c0hn10xk532f8gzz6dsa79nm3-uv-0.6.6.drv",
      "description": "Extremely fast Python package installer and resolver, written in Rust",
      "install_id": "uv",
      "license": "[ Apache-2.0, MIT ]",
      "locked_url": "https://github.com/flox/nixpkgs?rev=6607cf789e541e7873d40d3a8f7815ea92204f32",
      "name": "uv-0.6.6",
      "pname": "uv",
      "rev": "6607cf789e541e7873d40d3a8f7815ea92204f32",
      "rev_count": 767267,
      "rev_date": "2025-03-13T07:39:42Z",
      "scrape_date": "2025-03-14T00:31:05Z",
      "stabilities": [
        "staging",
        "unstable"
      ],
      "unfree": false,
      "version": "0.6.6",
      "outputs_to_install": [
        "out"
      ],
      "outputs": {
        "out": "/nix/store/lqnkdyvl5zll2fq5a5ph17mqznms78xy-uv-0.6.6"
      },
      "system": "aarch64-darwin",
      "group": "toplevel",
      "priority": 5
    },
    {
      "attr_path": "uv",
      "broken": false,
      "derivation": "/nix/store/p2hk6cpyqz1qlb9ybnyzv9h9fgv862wf-uv-0.6.6.drv",
      "description": "Extremely fast Python package installer and resolver, written in Rust",
      "install_id": "uv",
      "license": "[ Apache-2.0, MIT ]",
      "locked_url": "https://github.com/flox/nixpkgs?rev=6607cf789e541e7873d40d3a8f7815ea92204f32",
      "name": "uv-0.6.6",
      "pname": "uv",
      "rev": "6607cf789e541e7873d40d3a8f7815ea92204f32",
      "rev_count": 767267,
      "rev_date": "2025-03-13T07:39:42Z",
      "scrape_date": "2025-03-14T00:31:05Z",
      "stabilities": [
        "staging",
        "unstable"
      ],
      "unfree": false,
      "version": "0.6.6",
      "outputs_to_install": [
        "out"
      ],
      "outputs": {
        "out": "/nix/store/lspam7dhns0rh2q7gsyq40z8ly76gmcb-uv-0.6.6"
      },
      "system": "aarch64-linux",
      "group": "toplevel",
      "priority": 5
    },
    {
      "attr_path": "uv",
      "broken": false,
      "derivation": "/nix/store/hwi1ql1kx0jairjr7vn8w2khybxvzs8p-uv-0.6.6.drv",
      "description": "Extremely fast Python package installer and resolver, written in Rust",
      "install_id": "uv",
      "license": "[ Apache-2.0, MIT ]",
      "locked_url": "https://github.com/flox/nixpkgs?rev=6607cf789e541e7873d40d3a8f7815ea92204f32",
      "name": "uv-0.6.6",
      "pname": "uv",
      "rev": "6607cf789e541e7873d40d3a8f7815ea92204f32",
      "rev_count": 767267,
      "rev_date": "2025-03-13T07:39:42Z",
      "scrape_date": "2025-03-14T00:31:05Z",
      "stabilities": [
        "staging",
        "unstable"
      ],
      "unfree": false,
      "version": "0.6.6",
      "outputs_to_install": [
        "out"
      ],
      "outputs": {
        "out": "/nix/store/nf8isgl8kgny907z7461xbm76lwqn5lc-uv-0.6.6"
      },
      "system": "x86_64-darwin",
      "group": "toplevel",
      "priority": 5
    },
    {
      "attr_path": "uv",
      "broken": false,
      "derivation": "/nix/store/2jmb2ni1plnabdpqmhsqd2vhqjj9gvps-uv-0.6.6.drv",
      "description": "Extremely fast Python package installer and resolver, written in Rust",
      "install_id": "uv",
      "license": "[ Apache-2.0, MIT ]",
      "locked_url": "https://github.com/flox/nixpkgs?rev=6607cf789e541e7873d40d3a8f7815ea92204f32",
      "name": "uv-0.6.6",
      "pname": "uv",
      "rev": "6607cf789e541e7873d40d3a8f7815ea92204f32",
      "rev_count": 767267,
      "rev_date": "2025-03-13T07:39:42Z",
      "scrape_date": "2025-03-14T00:31:05Z",
      "stabilities": [
        "staging",
        "unstable"
      ],
      "unfree": false,
      "version": "0.6.6",
      "outputs_to_install": [
        "out"
      ],
      "outputs": {
        "out": "/nix/store/w2r38hkwz7f9h0f3pdyzfb2ds7z9sygs-uv-0.6.6"
      },
      "system": "x86_64-linux",
      "group": "toplevel",
      "priority": 5
    }
  ]
}