{
  "lockfile-version": 1,
  "manifest": {
    "version": 1,
    "install": {
      "uv": {
        "pkg-path": "uv"
      }
    },
    "hook": {},
    "profile": {},
    "options": {
      "systems": [
        "aarch64-darwin",
        "aarch64-linux",
        "x86_64-darwin",
        "x86_64-linux"
      ],
      "allow": {
        "licenses": []
      },
      "semver": {}
    }
  },
  "packages": [
    {
      "attr_path": "uv",
      "broken": false,
      "derivation": "/nix/store/z6nw08j0q5nqj3fy2rlvcrcjxvy7a9q5-uv-0.6.3.drv",
      "description": "Extremely fast Python package installer and resolver, written in Rust",
      "install_id": "uv",
      "license": "[ Apache-2.0, MIT ]",
      "locked_url": "https://github.com/flox/nixpkgs?rev=303bd8071377433a2d8f76e684ec773d70c5b642",
      "name": "uv-0.6.3",
      "pname": "uv",
      "rev": "303bd8071377433a2d8f76e684ec773d70c5b642",
      "rev_count": 761040,
      "rev_date": "2025-03-01T11:34:20Z",
      "scrape_date": "2025-03-03T00:31:05Z",
      "stabilities": [
        "unstable"
      ],
      "unfree": false,
      "version": "0.6.3",
      "outputs_to_install": [
        "out"
      ],
      "outputs": {
        "out": "/nix/store/ggkfphls3j4npq7ziviqabl33gly4ma4-uv-0.6.3"
      },
      "system": "aarch64-darwin",
      "group": "toplevel",
      "priority": 5
    },
    {
      "attr_path": "uv",
      "broken": false,
      "derivation": "/nix/store/zlqjy2vgpjb29j4qik44pajxvycpnci7-uv-0.6.3.drv",
      "description": "Extremely fast Python package installer and resolver, written in Rust",
      "install_id": "uv",
      "license": "[ Apache-2.0, MIT ]",
      "locked_url": "https://github.com/flox/nixpkgs?rev=303bd8071377433a2d8f76e684ec773d70c5b642",
      "name": "uv-0.6.3",
      "pname": "uv",
      "rev": "303bd8071377433a2d8f76e684ec773d70c5b642",
      "rev_count": 761040,
      "rev_date": "2025-03-01T11:34:20Z",
      "scrape_date": "2025-03-03T00:31:05Z",
      "stabilities": [
        "unstable"
      ],
      "unfree": false,
      "version": "0.6.3",
      "outputs_to_install": [
        "out"
      ],
      "outputs": {
        "out": "/nix/store/yzacw5z4mbbnhqyp49mj2q4bdahrzj27-uv-0.6.3"
      },
      "system": "aarch64-linux",
      "group": "toplevel",
      "priority": 5
    },
    {
      "attr_path": "uv",
      "broken": false,
      "derivation": "/nix/store/ah8qrp2vwbq2njf8fs5s7dm7rc5jgswc-uv-0.6.3.drv",
      "description": "Extremely fast Python package installer and resolver, written in Rust",
      "install_id": "uv",
      "license": "[ Apache-2.0, MIT ]",
      "locked_url": "https://github.com/flox/nixpkgs?rev=303bd8071377433a2d8f76e684ec773d70c5b642",
      "name": "uv-0.6.3",
      "pname": "uv",
      "rev": "303bd8071377433a2d8f76e684ec773d70c5b642",
      "rev_count": 761040,
      "rev_date": "2025-03-01T11:34:20Z",
      "scrape_date": "2025-03-03T00:31:05Z",
      "stabilities": [
        "unstable"
      ],
      "unfree": false,
      "version": "0.6.3",
      "outputs_to_install": [
        "out"
      ],
      "outputs": {
        "out": "/nix/store/ppchmxl2vivavg3842gpqbsppj38jqw8-uv-0.6.3"
      },
      "system": "x86_64-darwin",
      "group": "toplevel",
      "priority": 5
    },
    {
      "attr_path": "uv",
      "broken": false,
      "derivation": "/nix/store/r7n9k9991gizclkqwhqsjya5cp0q7bay-uv-0.6.3.drv",
      "description": "Extremely fast Python package installer and resolver, written in Rust",
      "install_id": "uv",
      "license": "[ Apache-2.0, MIT ]",
      "locked_url": "https://github.com/flox/nixpkgs?rev=303bd8071377433a2d8f76e684ec773d70c5b642",
      "name": "uv-0.6.3",
      "pname": "uv",
      "rev": "303bd8071377433a2d8f76e684ec773d70c5b642",
      "rev_count": 761040,
      "rev_date": "2025-03-01T11:34:20Z",
      "scrape_date": "2025-03-03T00:31:05Z",
      "stabilities": [
        "unstable"
      ],
      "unfree": false,
      "version": "0.6.3",
      "outputs_to_install": [
        "out"
      ],
      "outputs": {
        "out": "/nix/store/7hd62phgfp42m1bvmm0c82vnmv3x0yl8-uv-0.6.3"
      },
      "system": "x86_64-linux",
      "group": "toplevel",
      "priority": 5
    }
  ]
}